
Microsoft Visual Studio Solution File, Format Version 12.00
# Visual Studio Version 17
VisualStudioVersion = 17.11.35222.181
MinimumVisualStudioVersion = 10.0.40219.1
Project("{9A19103F-16F7-4668-BE54-9A1E7A4F7556}") = "Upgrade", "Upgrade\Upgrade.csproj", "{60F804EC-FFDC-4C9D-BEC8-0088590D6DCB}"
EndProject
Project("{9A19103F-16F7-4668-BE54-9A1E7A4F7556}") = "Jim.Share", "..\Jim.Share\Jim.Share\Jim.Share.csproj", "{7B421C31-9E69-4E7E-A449-CB526048C884}"
EndProject
Project("{FAE04EC0-301F-11D3-BF4B-00C04F79EFBC}") = "ClassLibrary1", "ClassLibrary1\ClassLibrary1.csproj", "{7B097701-99E0-4E81-87A3-0260CEA56112}"
EndProject
Project("{2150E333-8FDC-42A3-9474-1A3956D46DE8}") = "方案項目", "方案項目", "{FA2EB013-867E-4EC1-A2F5-874D6620FD84}"
	ProjectSection(SolutionItems) = preProject
		nuget.config = nuget.config
	EndProjectSection
EndProject
Global
	GlobalSection(SolutionConfigurationPlatforms) = preSolution
		Debug|Any CPU = Debug|Any CPU
		Release|Any CPU = Release|Any CPU
	EndGlobalSection
	GlobalSection(ProjectConfigurationPlatforms) = postSolution
		{60F804EC-FFDC-4C9D-BEC8-0088590D6DCB}.Debug|Any CPU.ActiveCfg = Debug|Any CPU
		{60F804EC-FFDC-4C9D-BEC8-0088590D6DCB}.Debug|Any CPU.Build.0 = Debug|Any CPU
		{60F804EC-FFDC-4C9D-BEC8-0088590D6DCB}.Release|Any CPU.ActiveCfg = Release|Any CPU
		{60F804EC-FFDC-4C9D-BEC8-0088590D6DCB}.Release|Any CPU.Build.0 = Release|Any CPU
		{7B421C31-9E69-4E7E-A449-CB526048C884}.Debug|Any CPU.ActiveCfg = Debug|Any CPU
		{7B421C31-9E69-4E7E-A449-CB526048C884}.Debug|Any CPU.Build.0 = Debug|Any CPU
		{7B421C31-9E69-4E7E-A449-CB526048C884}.Release|Any CPU.ActiveCfg = Release|Any CPU
		{7B421C31-9E69-4E7E-A449-CB526048C884}.Release|Any CPU.Build.0 = Release|Any CPU
		{7B097701-99E0-4E81-87A3-0260CEA56112}.Debug|Any CPU.ActiveCfg = Debug|Any CPU
		{7B097701-99E0-4E81-87A3-0260CEA56112}.Debug|Any CPU.Build.0 = Debug|Any CPU
		{7B097701-99E0-4E81-87A3-0260CEA56112}.Release|Any CPU.ActiveCfg = Release|Any CPU
		{7B097701-99E0-4E81-87A3-0260CEA56112}.Release|Any CPU.Build.0 = Release|Any CPU
	EndGlobalSection
	GlobalSection(SolutionProperties) = preSolution
		HideSolutionNode = FALSE
	EndGlobalSection
	GlobalSection(ExtensibilityGlobals) = postSolution
		SolutionGuid = {DA473C4B-18B0-4E05-A644-A6FDEB255802}
	EndGlobalSection
EndGlobal
